
Microsoft Visual Studio Solution File, Format Version 12.00
# Visual Studio Version 17
VisualStudioVersion = 17.3.32611.2
MinimumVisualStudioVersion = 10.0.40219.1
Project("{9A19103F-16F7-4668-BE54-9A1E7A4F7556}") = "TylerHarker.MainWebsite", "TylerHarker.MainWebsite\TylerHarker.MainWebsite.csproj", "{5E782CB7-9147-4BCD-87F8-1552AC58DDAD}"
EndProject
Project("{9A19103F-16F7-4668-BE54-9A1E7A4F7556}") = "TylerHarker.MainWebsite.Infrastructure", "Infrastructure\TylerHarker.MainWebsite.Infrastructure.csproj", "{78DDBA83-D321-4174-A242-8429133DD143}"
EndProject
Global
	GlobalSection(SolutionConfigurationPlatforms) = preSolution
		Debug|Any CPU = Debug|Any CPU
		Release|Any CPU = Release|Any CPU
	EndGlobalSection
	GlobalSection(ProjectConfigurationPlatforms) = postSolution
		{5E782CB7-9147-4BCD-87F8-1552AC58DDAD}.Debug|Any CPU.ActiveCfg = Debug|Any CPU
		{5E782CB7-9147-4BCD-87F8-1552AC58DDAD}.Debug|Any CPU.Build.0 = Debug|Any CPU
		{5E782CB7-9147-4BCD-87F8-1552AC58DDAD}.Release|Any CPU.ActiveCfg = Release|Any CPU
		{5E782CB7-9147-4BCD-87F8-1552AC58DDAD}.Release|Any CPU.Build.0 = Release|Any CPU
		{78DDBA83-D321-4174-A242-8429133DD143}.Debug|Any CPU.ActiveCfg = Debug|Any CPU
		{78DDBA83-D321-4174-A242-8429133DD143}.Debug|Any CPU.Build.0 = Debug|Any CPU
		{78DDBA83-D321-4174-A242-8429133DD143}.Release|Any CPU.ActiveCfg = Release|Any CPU
		{78DDBA83-D321-4174-A242-8429133DD143}.Release|Any CPU.Build.0 = Release|Any CPU
	EndGlobalSection
	GlobalSection(SolutionProperties) = preSolution
		HideSolutionNode = FALSE
	EndGlobalSection
	GlobalSection(ExtensibilityGlobals) = postSolution
		SolutionGuid = {E553D0E1-2220-4E7F-968C-72791093C91C}
	EndGlobalSection
EndGlobal
